
Microsoft Visual Studio Solution File, Format Version 12.00
# Visual Studio 15
VisualStudioVersion = 15.0.28307.1800
MinimumVisualStudioVersion = 10.0.40219.1
Project("{8BC9CEB8-8B4A-11D0-8D11-00A0C91BC942}") = "Delegate", "Delegate.vcxproj", "{C3674FF4-B597-4557-99E6-4D170C8219F2}"
EndProject
Global
	GlobalSection(SolutionConfigurationPlatforms) = preSolution
		Debug|x64 = Debug|x64
		Debug|x86 = Debug|x86
		Release|x64 = Release|x64
		Release|x86 = Release|x86
	EndGlobalSection
	GlobalSection(ProjectConfigurationPlatforms) = postSolution
		{C3674FF4-B597-4557-99E6-4D170C8219F2}.Debug|x64.ActiveCfg = Debug|x64
		{C3674FF4-B597-4557-99E6-4D170C8219F2}.Debug|x64.Build.0 = Debug|x64
		{C3674FF4-B597-4557-99E6-4D170C8219F2}.Debug|x86.ActiveCfg = Debug|Win32
		{C3674FF4-B597-4557-99E6-4D170C8219F2}.Debug|x86.Build.0 = Debug|Win32
		{C3674FF4-B597-4557-99E6-4D170C8219F2}.Release|x64.ActiveCfg = Release|x64
		{C3674FF4-B597-4557-99E6-4D170C8219F2}.Release|x64.Build.0 = Release|x64
		{C3674FF4-B597-4557-99E6-4D170C8219F2}.Release|x86.ActiveCfg = Release|Win32
		{C3674FF4-B597-4557-99E6-4D170C8219F2}.Release|x86.Build.0 = Release|Win32
	EndGlobalSection
	GlobalSection(SolutionProperties) = preSolution
		HideSolutionNode = FALSE
	EndGlobalSection
	GlobalSection(ExtensibilityGlobals) = postSolution
		SolutionGuid = {9BD9EB27-2B73-4C30-94D6-C1AE45121CF0}
	EndGlobalSection
EndGlobal
